// !$*UTF8*$!
{
	archiveVersion = 1;
	classes = {
	};
	objectVersion = 56;
	objects = {

/* Begin PBXBuildFile section */
		030120DC29C4602800BBF08D /* GoogleService-Info.plist in Resources */ = {isa = PBXBuildFile; fileRef = 030120DB29C4602800BBF08D /* GoogleService-Info.plist */; };
		030120DE29C5C09400BBF08D /* Constants.swift in Sources */ = {isa = PBXBuildFile; fileRef = 030120DD29C5C09400BBF08D /* Constants.swift */; };
		030120E029C5C6D100BBF08D /* Message.swift in Sources */ = {isa = PBXBuildFile; fileRef = 030120DF29C5C6D100BBF08D /* Message.swift */; };
		03A84B2829C0F8B600F6D813 /* AppDelegate.swift in Sources */ = {isa = PBXBuildFile; fileRef = 03A84B2729C0F8B600F6D813 /* AppDelegate.swift */; };
		03A84B2A29C0F8B600F6D813 /* SceneDelegate.swift in Sources */ = {isa = PBXBuildFile; fileRef = 03A84B2929C0F8B600F6D813 /* SceneDelegate.swift */; };
		03A84B2F29C0F8B600F6D813 /* Main.storyboard in Resources */ = {isa = PBXBuildFile; fileRef = 03A84B2D29C0F8B600F6D813 /* Main.storyboard */; };
		03A84B3129C0F8B800F6D813 /* Assets.xcassets in Resources */ = {isa = PBXBuildFile; fileRef = 03A84B3029C0F8B800F6D813 /* Assets.xcassets */; };
		03A84B3429C0F8B800F6D813 /* LaunchScreen.storyboard in Resources */ = {isa = PBXBuildFile; fileRef = 03A84B3229C0F8B800F6D813 /* LaunchScreen.storyboard */; };
		03A84B3C29C0F96300F6D813 /* WelcomeViewController.swift in Sources */ = {isa = PBXBuildFile; fileRef = 03A84B3B29C0F96300F6D813 /* WelcomeViewController.swift */; };
		03A84B3E29C0F97500F6D813 /* RegisterViewController.swift in Sources */ = {isa = PBXBuildFile; fileRef = 03A84B3D29C0F97500F6D813 /* RegisterViewController.swift */; };
		03A84B4029C0F98500F6D813 /* LoginViewController.swift in Sources */ = {isa = PBXBuildFile; fileRef = 03A84B3F29C0F98500F6D813 /* LoginViewController.swift */; };
		03A84B4229C0F99900F6D813 /* ChatViewController.swift in Sources */ = {isa = PBXBuildFile; fileRef = 03A84B4129C0F99900F6D813 /* ChatViewController.swift */; };
		A4E748654C60438BD3438A03 /* Pods_Chat_FireBase_.framework in Frameworks */ = {isa = PBXBuildFile; fileRef = 72CB3BFA29386C5235AD5E37 /* Pods_Chat_FireBase_.framework */; };
/* End PBXBuildFile section */

/* Begin PBXFileReference section */
		030120DB29C4602800BBF08D /* GoogleService-Info.plist */ = {isa = PBXFileReference; fileEncoding = 4; lastKnownFileType = text.plist.xml; name = "GoogleService-Info.plist"; path = "../../../../Downloads/GoogleService-Info.plist"; sourceTree = "<group>"; };
		030120DD29C5C09400BBF08D /* Constants.swift */ = {isa = PBXFileReference; lastKnownFileType = sourcecode.swift; path = Constants.swift; sourceTree = "<group>"; };
		030120DF29C5C6D100BBF08D /* Message.swift */ = {isa = PBXFileReference; lastKnownFileType = sourcecode.swift; path = Message.swift; sourceTree = "<group>"; };
		03A84B2429C0F8B600F6D813 /* Chat(FireBase).app */ = {isa = PBXFileReference; explicitFileType = wrapper.application; includeInIndex = 0; path = "Chat(FireBase).app"; sourceTree = BUILT_PRODUCTS_DIR; };
		03A84B2729C0F8B600F6D813 /* AppDelegate.swift */ = {isa = PBXFileReference; lastKnownFileType = sourcecode.swift; path = AppDelegate.swift; sourceTree = "<group>"; };
		03A84B2929C0F8B600F6D813 /* SceneDelegate.swift */ = {isa = PBXFileReference; lastKnownFileType = sourcecode.swift; path = SceneDelegate.swift; sourceTree = "<group>"; };
		03A84B2E29C0F8B600F6D813 /* Base */ = {isa = PBXFileReference; lastKnownFileType = file.storyboard; name = Base; path = Base.lproj/Main.storyboard; sourceTree = "<group>"; };
		03A84B3029C0F8B800F6D813 /* Assets.xcassets */ = {isa = PBXFileReference; lastKnownFileType = folder.assetcatalog; path = Assets.xcassets; sourceTree = "<group>"; };
		03A84B3329C0F8B800F6D813 /* Base */ = {isa = PBXFileReference; lastKnownFileType = file.storyboard; name = Base; path = Base.lproj/LaunchScreen.storyboard; sourceTree = "<group>"; };
		03A84B3529C0F8B800F6D813 /* Info.plist */ = {isa = PBXFileReference; lastKnownFileType = text.plist.xml; path = Info.plist; sourceTree = "<group>"; };
		03A84B3B29C0F96300F6D813 /* WelcomeViewController.swift */ = {isa = PBXFileReference; lastKnownFileType = sourcecode.swift; path = WelcomeViewController.swift; sourceTree = "<group>"; };
		03A84B3D29C0F97500F6D813 /* RegisterViewController.swift */ = {isa = PBXFileReference; lastKnownFileType = sourcecode.swift; path = RegisterViewController.swift; sourceTree = "<group>"; };
		03A84B3F29C0F98500F6D813 /* LoginViewController.swift */ = {isa = PBXFileReference; lastKnownFileType = sourcecode.swift; path = LoginViewController.swift; sourceTree = "<group>"; };
		03A84B4129C0F99900F6D813 /* ChatViewController.swift */ = {isa = PBXFileReference; lastKnownFileType = sourcecode.swift; path = ChatViewController.swift; sourceTree = "<group>"; };
		33B786CD8882A5A7029C5415 /* Pods-Chat(FireBase).release.xcconfig */ = {isa = PBXFileReference; includeInIndex = 1; lastKnownFileType = text.xcconfig; name = "Pods-Chat(FireBase).release.xcconfig"; path = "Target Support Files/Pods-Chat(FireBase)/Pods-Chat(FireBase).release.xcconfig"; sourceTree = "<group>"; };
		72CB3BFA29386C5235AD5E37 /* Pods_Chat_FireBase_.framework */ = {isa = PBXFileReference; explicitFileType = wrapper.framework; includeInIndex = 0; path = Pods_Chat_FireBase_.framework; sourceTree = BUILT_PRODUCTS_DIR; };
		D96819D2C0AD1FCE1FE97972 /* Pods-Chat(FireBase).debug.xcconfig */ = {isa = PBXFileReference; includeInIndex = 1; lastKnownFileType = text.xcconfig; name = "Pods-Chat(FireBase).debug.xcconfig"; path = "Target Support Files/Pods-Chat(FireBase)/Pods-Chat(FireBase).debug.xcconfig"; sourceTree = "<group>"; };
/* End PBXFileReference section */

/* Begin PBXFrameworksBuildPhase section */
		03A84B2129C0F8B600F6D813 /* Frameworks */ = {
			isa = PBXFrameworksBuildPhase;
			buildActionMask = 2147483647;
			files = (
				A4E748654C60438BD3438A03 /* Pods_Chat_FireBase_.framework in Frameworks */,
			);
			runOnlyForDeploymentPostprocessing = 0;
		};
/* End PBXFrameworksBuildPhase section */

/* Begin PBXGroup section */
		03A84B1B29C0F8B600F6D813 = {
			isa = PBXGroup;
			children = (
				03A84B2629C0F8B600F6D813 /* Chat(FireBase) */,
				03A84B2529C0F8B600F6D813 /* Products */,
				EE9818497A5933D2C4774AA4 /* Pods */,
				8E8D8A1CCC4BE24123F6E95A /* Frameworks */,
			);
			sourceTree = "<group>";
		};
		03A84B2529C0F8B600F6D813 /* Products */ = {
			isa = PBXGroup;
			children = (
				03A84B2429C0F8B600F6D813 /* Chat(FireBase).app */,
			);
			name = Products;
			sourceTree = "<group>";
		};
		03A84B2629C0F8B600F6D813 /* Chat(FireBase) */ = {
			isa = PBXGroup;
			children = (
				03A84B2729C0F8B600F6D813 /* AppDelegate.swift */,
				03A84B2929C0F8B600F6D813 /* SceneDelegate.swift */,
				03A84B4529C0F9CD00F6D813 /* Models */,
				03A84B4429C0F9B800F6D813 /* Views */,
				03A84B4329C0F9A300F6D813 /* Controllers */,
				03A84B3029C0F8B800F6D813 /* Assets.xcassets */,
				030120DB29C4602800BBF08D /* GoogleService-Info.plist */,
				03A84B3229C0F8B800F6D813 /* LaunchScreen.storyboard */,
				03A84B3529C0F8B800F6D813 /* Info.plist */,
				030120DD29C5C09400BBF08D /* Constants.swift */,
			);
			path = "Chat(FireBase)";
			sourceTree = "<group>";
		};
		03A84B4329C0F9A300F6D813 /* Controllers */ = {
			isa = PBXGroup;
			children = (
				03A84B3B29C0F96300F6D813 /* WelcomeViewController.swift */,
				03A84B3D29C0F97500F6D813 /* RegisterViewController.swift */,
				03A84B3F29C0F98500F6D813 /* LoginViewController.swift */,
				03A84B4129C0F99900F6D813 /* ChatViewController.swift */,
			);
			path = Controllers;
			sourceTree = "<group>";
		};
		03A84B4429C0F9B800F6D813 /* Views */ = {
			isa = PBXGroup;
			children = (
				03A84B2D29C0F8B600F6D813 /* Main.storyboard */,
			);
			path = Views;
			sourceTree = "<group>";
		};
		03A84B4529C0F9CD00F6D813 /* Models */ = {
			isa = PBXGroup;
			children = (
				030120DF29C5C6D100BBF08D /* Message.swift */,
			);
			path = Models;
			sourceTree = "<group>";
		};
		8E8D8A1CCC4BE24123F6E95A /* Frameworks */ = {
			isa = PBXGroup;
			children = (
				72CB3BFA29386C5235AD5E37 /* Pods_Chat_FireBase_.framework */,
			);
			name = Frameworks;
			sourceTree = "<group>";
		};
		EE9818497A5933D2C4774AA4 /* Pods */ = {
			isa = PBXGroup;
			children = (
				D96819D2C0AD1FCE1FE97972 /* Pods-Chat(FireBase).debug.xcconfig */,
				33B786CD8882A5A7029C5415 /* Pods-Chat(FireBase).release.xcconfig */,
			);
			path = Pods;
			sourceTree = "<group>";
		};
/* End PBXGroup section */

/* Begin PBXNativeTarget section */
		03A84B2329C0F8B600F6D813 /* Chat(FireBase) */ = {
			isa = PBXNativeTarget;
			buildConfigurationList = 03A84B3829C0F8B800F6D813 /* Build configuration list for PBXNativeTarget "Chat(FireBase)" */;
			buildPhases = (
				FD19AB3D7F3E39EFCC2CC450 /* [CP] Check Pods Manifest.lock */,
				03A84B2029C0F8B600F6D813 /* Sources */,
				03A84B2129C0F8B600F6D813 /* Frameworks */,
				03A84B2229C0F8B600F6D813 /* Resources */,
				8787D52F35A6914831055BD4 /* [CP] Embed Pods Frameworks */,
			);
			buildRules = (
			);
			dependencies = (
			);
			name = "Chat(FireBase)";
			productName = "Chat(FireBase)";
			productReference = 03A84B2429C0F8B600F6D813 /* Chat(FireBase).app */;
			productType = "com.apple.product-type.application";
		};
/* End PBXNativeTarget section */

/* Begin PBXProject section */
		03A84B1C29C0F8B600F6D813 /* Project object */ = {
			isa = PBXProject;
			attributes = {
				BuildIndependentTargetsInParallel = 1;
				LastSwiftUpdateCheck = 1420;
				LastUpgradeCheck = 1420;
				TargetAttributes = {
					03A84B2329C0F8B600F6D813 = {
						CreatedOnToolsVersion = 14.2;
					};
				};
			};
			buildConfigurationList = 03A84B1F29C0F8B600F6D813 /* Build configuration list for PBXProject "Chat(FireBase)" */;
			compatibilityVersion = "Xcode 14.0";
			developmentRegion = en;
			hasScannedForEncodings = 0;
			knownRegions = (
				en,
				Base,
			);
			mainGroup = 03A84B1B29C0F8B600F6D813;
			productRefGroup = 03A84B2529C0F8B600F6D813 /* Products */;
			projectDirPath = "";
			projectRoot = "";
			targets = (
				03A84B2329C0F8B600F6D813 /* Chat(FireBase) */,
			);
		};
/* End PBXProject section */

/* Begin PBXResourcesBuildPhase section */
		03A84B2229C0F8B600F6D813 /* Resources */ = {
			isa = PBXResourcesBuildPhase;
			buildActionMask = 2147483647;
			files = (
				03A84B3429C0F8B800F6D813 /* LaunchScreen.storyboard in Resources */,
				030120DC29C4602800BBF08D /* GoogleService-Info.plist in Resources */,
				03A84B3129C0F8B800F6D813 /* Assets.xcassets in Resources */,
				03A84B2F29C0F8B600F6D813 /* Main.storyboard in Resources */,
			);
			runOnlyForDeploymentPostprocessing = 0;
		};
/* End PBXResourcesBuildPhase section */

/* Begin PBXShellScriptBuildPhase section */
		8787D52F35A6914831055BD4 /* [CP] Embed Pods Frameworks */ = {
			isa = PBXShellScriptBuildPhase;
			buildActionMask = 2147483647;
			files = (
			);
			inputFileListPaths = (
				"${PODS_ROOT}/Target Support Files/Pods-Chat(FireBase)/Pods-Chat(FireBase)-frameworks-${CONFIGURATION}-input-files.xcfilelist",
			);
			name = "[CP] Embed Pods Frameworks";
			outputFileListPaths = (
				"${PODS_ROOT}/Target Support Files/Pods-Chat(FireBase)/Pods-Chat(FireBase)-frameworks-${CONFIGURATION}-output-files.xcfilelist",
			);
			runOnlyForDeploymentPostprocessing = 0;
			shellPath = /bin/sh;
			shellScript = "\"${PODS_ROOT}/Target Support Files/Pods-Chat(FireBase)/Pods-Chat(FireBase)-frameworks.sh\"\n";
			showEnvVarsInLog = 0;
		};
		FD19AB3D7F3E39EFCC2CC450 /* [CP] Check Pods Manifest.lock */ = {
			isa = PBXShellScriptBuildPhase;
			buildActionMask = 2147483647;
			files = (
			);
			inputFileListPaths = (
			);
			inputPaths = (
				"${PODS_PODFILE_DIR_PATH}/Podfile.lock",
				"${PODS_ROOT}/Manifest.lock",
			);
			name = "[CP] Check Pods Manifest.lock";
			outputFileListPaths = (
			);
			outputPaths = (
				"$(DERIVED_FILE_DIR)/Pods-Chat(FireBase)-checkManifestLockResult.txt",
			);
			runOnlyForDeploymentPostprocessing = 0;
			shellPath = /bin/sh;
			shellScript = "diff \"${PODS_PODFILE_DIR_PATH}/Podfile.lock\" \"${PODS_ROOT}/Manifest.lock\" > /dev/null\nif [ $? != 0 ] ; then\n    # print error to STDERR\n    echo \"error: The sandbox is not in sync with the Podfile.lock. Run 'pod install' or update your CocoaPods installation.\" >&2\n    exit 1\nfi\n# This output is used by Xcode 'outputs' to avoid re-running this script phase.\necho \"SUCCESS\" > \"${SCRIPT_OUTPUT_FILE_0}\"\n";
			showEnvVarsInLog = 0;
		};
/* End PBXShellScriptBuildPhase section */

/* Begin PBXSourcesBuildPhase section */
		03A84B2029C0F8B600F6D813 /* Sources */ = {
			isa = PBXSourcesBuildPhase;
			buildActionMask = 2147483647;
			files = (
				03A84B3C29C0F96300F6D813 /* WelcomeViewController.swift in Sources */,
				03A84B2829C0F8B600F6D813 /* AppDelegate.swift in Sources */,
				03A84B2A29C0F8B600F6D813 /* SceneDelegate.swift in Sources */,
				03A84B4029C0F98500F6D813 /* LoginViewController.swift in Sources */,
				030120DE29C5C09400BBF08D /* Constants.swift in Sources */,
				030120E029C5C6D100BBF08D /* Message.swift in Sources */,
				03A84B4229C0F99900F6D813 /* ChatViewController.swift in Sources */,
				03A84B3E29C0F97500F6D813 /* RegisterViewController.swift in Sources */,
			);
			runOnlyForDeploymentPostprocessing = 0;
		};
/* End PBXSourcesBuildPhase section */

/* Begin PBXVariantGroup section */
		03A84B2D29C0F8B600F6D813 /* Main.storyboard */ = {
			isa = PBXVariantGroup;
			children = (
				03A84B2E29C0F8B600F6D813 /* Base */,
			);
			name = Main.storyboard;
			sourceTree = "<group>";
		};
		03A84B3229C0F8B800F6D813 /* LaunchScreen.storyboard */ = {
			isa = PBXVariantGroup;
			children = (
				03A84B3329C0F8B800F6D813 /* Base */,
			);
			name = LaunchScreen.storyboard;
			sourceTree = "<group>";
		};
/* End PBXVariantGroup section */

/* Begin XCBuildConfiguration section */
		03A84B3629C0F8B800F6D813 /* Debug */ = {
			isa = XCBuildConfiguration;
			buildSettings = {
				ALWAYS_SEARCH_USER_PATHS = NO;
				CLANG_ANALYZER_NONNULL = YES;
				CLANG_ANALYZER_NUMBER_OBJECT_CONVERSION = YES_AGGRESSIVE;
				CLANG_CXX_LANGUAGE_STANDARD = "gnu++20";
				CLANG_ENABLE_MODULES = YES;
				CLANG_ENABLE_OBJC_ARC = YES;
				CLANG_ENABLE_OBJC_WEAK = YES;
				CLANG_WARN_BLOCK_CAPTURE_AUTORELEASING = YES;
				CLANG_WARN_BOOL_CONVERSION = YES;
				CLANG_WARN_COMMA = YES;
				CLANG_WARN_CONSTANT_CONVERSION = YES;
				CLANG_WARN_DEPRECATED_OBJC_IMPLEMENTATIONS = YES;
				CLANG_WARN_DIRECT_OBJC_ISA_USAGE = YES_ERROR;
				CLANG_WARN_DOCUMENTATION_COMMENTS = YES;
				CLANG_WARN_EMPTY_BODY = YES;
				CLANG_WARN_ENUM_CONVERSION = YES;
				CLANG_WARN_INFINITE_RECURSION = YES;
				CLANG_WARN_INT_CONVERSION = YES;
				CLANG_WARN_NON_LITERAL_NULL_CONVERSION = YES;
				CLANG_WARN_OBJC_IMPLICIT_RETAIN_SELF = YES;
				CLANG_WARN_OBJC_LITERAL_CONVERSION = YES;
				CLANG_WARN_OBJC_ROOT_CLASS = YES_ERROR;
				CLANG_WARN_QUOTED_INCLUDE_IN_FRAMEWORK_HEADER = YES;
				CLANG_WARN_RANGE_LOOP_ANALYSIS = YES;
				CLANG_WARN_STRICT_PROTOTYPES = YES;
				CLANG_WARN_SUSPICIOUS_MOVE = YES;
				CLANG_WARN_UNGUARDED_AVAILABILITY = YES_AGGRESSIVE;
				CLANG_WARN_UNREACHABLE_CODE = YES;
				CLANG_WARN__DUPLICATE_METHOD_MATCH = YES;
				COPY_PHASE_STRIP = NO;
				DEBUG_INFORMATION_FORMAT = dwarf;
				ENABLE_STRICT_OBJC_MSGSEND = YES;
				ENABLE_TESTABILITY = YES;
				GCC_C_LANGUAGE_STANDARD = gnu11;
				GCC_DYNAMIC_NO_PIC = NO;
				GCC_NO_COMMON_BLOCKS = YES;
				GCC_OPTIMIZATION_LEVEL = 0;
				GCC_PREPROCESSOR_DEFINITIONS = (
					"DEBUG=1",
					"$(inherited)",
				);
				GCC_WARN_64_TO_32_BIT_CONVERSION = YES;
				GCC_WARN_ABOUT_RETURN_TYPE = YES_ERROR;
				GCC_WARN_UNDECLARED_SELECTOR = YES;
				GCC_WARN_UNINITIALIZED_AUTOS = YES_AGGRESSIVE;
				GCC_WARN_UNUSED_FUNCTION = YES;
				GCC_WARN_UNUSED_VARIABLE = YES;
				IPHONEOS_DEPLOYMENT_TARGET = 16.2;
				MTL_ENABLE_DEBUG_INFO = INCLUDE_SOURCE;
				MTL_FAST_MATH = YES;
				ONLY_ACTIVE_ARCH = YES;
				SDKROOT = iphoneos;
				SWIFT_ACTIVE_COMPILATION_CONDITIONS = DEBUG;
				SWIFT_OPTIMIZATION_LEVEL = "-Onone";
			};
			name = Debug;
		};
		03A84B3729C0F8B800F6D813 /* Release */ = {
			isa = XCBuildConfiguration;
			buildSettings = {
				ALWAYS_SEARCH_USER_PATHS = NO;
				CLANG_ANALYZER_NONNULL = YES;
				CLANG_ANALYZER_NUMBER_OBJECT_CONVERSION = YES_AGGRESSIVE;
				CLANG_CXX_LANGUAGE_STANDARD = "gnu++20";
				CLANG_ENABLE_MODULES = YES;
				CLANG_ENABLE_OBJC_ARC = YES;
				CLANG_ENABLE_OBJC_WEAK = YES;
				CLANG_WARN_BLOCK_CAPTURE_AUTORELEASING = YES;
				CLANG_WARN_BOOL_CONVERSION = YES;
				CLANG_WARN_COMMA = YES;
				CLANG_WARN_CONSTANT_CONVERSION = YES;
				CLANG_WARN_DEPRECATED_OBJC_IMPLEMENTATIONS = YES;
				CLANG_WARN_DIRECT_OBJC_ISA_USAGE = YES_ERROR;
				CLANG_WARN_DOCUMENTATION_COMMENTS = YES;
				CLANG_WARN_EMPTY_BODY = YES;
				CLANG_WARN_ENUM_CONVERSION = YES;
				CLANG_WARN_INFINITE_RECURSION = YES;
				CLANG_WARN_INT_CONVERSION = YES;
				CLANG_WARN_NON_LITERAL_NULL_CONVERSION = YES;
				CLANG_WARN_OBJC_IMPLICIT_RETAIN_SELF = YES;
				CLANG_WARN_OBJC_LITERAL_CONVERSION = YES;
				CLANG_WARN_OBJC_ROOT_CLASS = YES_ERROR;
				CLANG_WARN_QUOTED_INCLUDE_IN_FRAMEWORK_HEADER = YES;
				CLANG_WARN_RANGE_LOOP_ANALYSIS = YES;
				CLANG_WARN_STRICT_PROTOTYPES = YES;
				CLANG_WARN_SUSPICIOUS_MOVE = YES;
				CLANG_WARN_UNGUARDED_AVAILABILITY = YES_AGGRESSIVE;
				CLANG_WARN_UNREACHABLE_CODE = YES;
				CLANG_WARN__DUPLICATE_METHOD_MATCH = YES;
				COPY_PHASE_STRIP = NO;
				DEBUG_INFORMATION_FORMAT = "dwarf-with-dsym";
				ENABLE_NS_ASSERTIONS = NO;
				ENABLE_STRICT_OBJC_MSGSEND = YES;
				GCC_C_LANGUAGE_STANDARD = gnu11;
				GCC_NO_COMMON_BLOCKS = YES;
				GCC_WARN_64_TO_32_BIT_CONVERSION = YES;
				GCC_WARN_ABOUT_RETURN_TYPE = YES_ERROR;
				GCC_WARN_UNDECLARED_SELECTOR = YES;
				GCC_WARN_UNINITIALIZED_AUTOS = YES_AGGRESSIVE;
				GCC_WARN_UNUSED_FUNCTION = YES;
				GCC_WARN_UNUSED_VARIABLE = YES;
				IPHONEOS_DEPLOYMENT_TARGET = 16.2;
				MTL_ENABLE_DEBUG_INFO = NO;
				MTL_FAST_MATH = YES;
				SDKROOT = iphoneos;
				SWIFT_COMPILATION_MODE = wholemodule;
				SWIFT_OPTIMIZATION_LEVEL = "-O";
				VALIDATE_PRODUCT = YES;
			};
			name = Release;
		};
		03A84B3929C0F8B800F6D813 /* Debug */ = {
			isa = XCBuildConfiguration;
			baseConfigurationReference = D96819D2C0AD1FCE1FE97972 /* Pods-Chat(FireBase).debug.xcconfig */;
			buildSettings = {
				ASSETCATALOG_COMPILER_APPICON_NAME = AppIcon;
				ASSETCATALOG_COMPILER_GLOBAL_ACCENT_COLOR_NAME = AccentColor;
				CODE_SIGN_STYLE = Automatic;
				CURRENT_PROJECT_VERSION = 1;
				DEVELOPMENT_TEAM = C5MJRPU929;
				GENERATE_INFOPLIST_FILE = YES;
				INFOPLIST_FILE = "Chat(FireBase)/Info.plist";
				INFOPLIST_KEY_UIApplicationSupportsIndirectInputEvents = YES;
				INFOPLIST_KEY_UILaunchStoryboardName = LaunchScreen;
				INFOPLIST_KEY_UIMainStoryboardFile = Main;
				INFOPLIST_KEY_UISupportedInterfaceOrientations = UIInterfaceOrientationPortrait;
				INFOPLIST_KEY_UISupportedInterfaceOrientations_iPad = "UIInterfaceOrientationLandscapeLeft UIInterfaceOrientationLandscapeRight UIInterfaceOrientationPortrait UIInterfaceOrientationPortraitUpsideDown";
				LD_RUNPATH_SEARCH_PATHS = (
					"$(inherited)",
					"@executable_path/Frameworks",
				);
				MARKETING_VERSION = 1.0;
				PRODUCT_BUNDLE_IDENTIFIER = "Asichka.Chat-FireBase-";
				PRODUCT_NAME = "$(TARGET_NAME)";
				SWIFT_EMIT_LOC_STRINGS = YES;
				SWIFT_VERSION = 5.0;
				TARGETED_DEVICE_FAMILY = "1,2";
			};
			name = Debug;
		};
		03A84B3A29C0F8B800F6D813 /* Release */ = {
			isa = XCBuildConfiguration;
			baseConfigurationReference = 33B786CD8882A5A7029C5415 /* Pods-Chat(FireBase).release.xcconfig */;
			buildSettings = {
				ASSETCATALOG_COMPILER_APPICON_NAME = AppIcon;
				ASSETCATALOG_COMPILER_GLOBAL_ACCENT_COLOR_NAME = AccentColor;
				CODE_SIGN_STYLE = Automatic;
				CURRENT_PROJECT_VERSION = 1;
				DEVELOPMENT_TEAM = C5MJRPU929;
				GENERATE_INFOPLIST_FILE = YES;
				INFOPLIST_FILE = "Chat(FireBase)/Info.plist";
				INFOPLIST_KEY_UIApplicationSupportsIndirectInputEvents = YES;
				INFOPLIST_KEY_UILaunchStoryboardName = LaunchScreen;
				INFOPLIST_KEY_UIMainStoryboardFile = Main;
				INFOPLIST_KEY_UISupportedInterfaceOrientations = UIInterfaceOrientationPortrait;
				INFOPLIST_KEY_UISupportedInterfaceOrientations_iPad = "UIInterfaceOrientationLandscapeLeft UIInterfaceOrientationLandscapeRight UIInterfaceOrientationPortrait UIInterfaceOrientationPortraitUpsideDown";
				LD_RUNPATH_SEARCH_PATHS = (
					"$(inherited)",
					"@executable_path/Frameworks",
				);
				MARKETING_VERSION = 1.0;
				PRODUCT_BUNDLE_IDENTIFIER = "Asichka.Chat-FireBase-";
				PRODUCT_NAME = "$(TARGET_NAME)";
				SWIFT_EMIT_LOC_STRINGS = YES;
				SWIFT_VERSION = 5.0;
				TARGETED_DEVICE_FAMILY = "1,2";
			};
			name = Release;
		};
/* End XCBuildConfiguration section */

/* Begin XCConfigurationList section */
		03A84B1F29C0F8B600F6D813 /* Build configuration list for PBXProject "Chat(FireBase)" */ = {
			isa = XCConfigurationList;
			buildConfigurations = (
				03A84B3629C0F8B800F6D813 /* Debug */,
				03A84B3729C0F8B800F6D813 /* Release */,
			);
			defaultConfigurationIsVisible = 0;
			defaultConfigurationName = Release;
		};
		03A84B3829C0F8B800F6D813 /* Build configuration list for PBXNativeTarget "Chat(FireBase)" */ = {
			isa = XCConfigurationList;
			buildConfigurations = (
				03A84B3929C0F8B800F6D813 /* Debug */,
				03A84B3A29C0F8B800F6D813 /* Release */,
			);
			defaultConfigurationIsVisible = 0;
			defaultConfigurationName = Release;
		};
/* End XCConfigurationList section */
	};
	rootObject = 03A84B1C29C0F8B600F6D813 /* Project object */;
}
